
Microsoft Visual Studio Solution File, Format Version 12.00
# Visual Studio Version 17
VisualStudioVersion = 17.12.35728.132
MinimumVisualStudioVersion = 10.0.40219.1
Project("{2150E333-8FDC-42A3-9474-1A3956D46DE8}") = "Solution Items", "Solution Items", "{8EC462FD-D22E-90A8-E5CE-7E832BA40C5D}"
EndProject
Project("{FAE04EC0-301F-11D3-BF4B-00C04F79EFBC}") = "Extensions.Mcp", "src\Microsoft.Azure.Functions.Extensions.Mcp\Extensions.Mcp.csproj", "{1FEB9DC5-EB89-9E3E-296F-2B699FF6978B}"
EndProject
Project("{FAE04EC0-301F-11D3-BF4B-00C04F79EFBC}") = "Worker.Extensions.Mcp", "src\Microsoft.Azure.Functions.Worker.Extensions.Mcp\Worker.Extensions.Mcp.csproj", "{BE61B45A-FB64-14F4-0693-B1CC7B69BB08}"
EndProject
Project("{2150E333-8FDC-42A3-9474-1A3956D46DE8}") = "src", "src", "{3CC0C099-5116-4299-A0F5-A5ACC469A06C}"
EndProject
Project("{2150E333-8FDC-42A3-9474-1A3956D46DE8}") = "test", "test", "{A86BD8D1-5BC0-4E98-BC5B-2FCE551CEE8F}"
EndProject
Project("{FAE04EC0-301F-11D3-BF4B-00C04F79EFBC}") = "Extensions.Mcp.Tests", "test\Extensions.Mcp.Tests\Extensions.Mcp.Tests.csproj", "{0B903129-99CA-BA6B-C53A-D70938315220}"
EndProject
Project("{FAE04EC0-301F-11D3-BF4B-00C04F79EFBC}") = "Worker.Extensions.Mcp.Tests", "test\Worker.Extensions.Mcp.Tests\Worker.Extensions.Mcp.Tests.csproj", "{601897B5-A928-B0BD-1BD2-CD46457CA736}"
EndProject
Project("{FAE04EC0-301F-11D3-BF4B-00C04F79EFBC}") = "TestApp", "test\TestApp\TestApp.csproj", "{33A5A7E9-6F29-A52F-01E6-2FE514DF8818}"
EndProject
Project("{FAE04EC0-301F-11D3-BF4B-00C04F79EFBC}") = "TestAppIsolated", "test\TestAppIsolated\TestAppIsolated.csproj", "{97289FCF-740F-4A53-ACA8-C8D376A48F67}"
EndProject
Project("{FAE04EC0-301F-11D3-BF4B-00C04F79EFBC}") = "Extensions.Mcp.E2ETests", "test\Extensions.Mcp.E2ETests\Extensions.Mcp.E2ETests.csproj", "{D4A11233-5542-9E26-927D-283FE2A79DB5}"
EndProject
Global
	GlobalSection(SolutionConfigurationPlatforms) = preSolution
		Debug|Any CPU = Debug|Any CPU
		Debug|x64 = Debug|x64
		Debug|x86 = Debug|x86
		Release|Any CPU = Release|Any CPU
		Release|x64 = Release|x64
		Release|x86 = Release|x86
	EndGlobalSection
	GlobalSection(ProjectConfigurationPlatforms) = postSolution
		{1FEB9DC5-EB89-9E3E-296F-2B699FF6978B}.Debug|Any CPU.ActiveCfg = Debug|Any CPU
		{1FEB9DC5-EB89-9E3E-296F-2B699FF6978B}.Debug|Any CPU.Build.0 = Debug|Any CPU
		{1FEB9DC5-EB89-9E3E-296F-2B699FF6978B}.Debug|x64.ActiveCfg = Debug|Any CPU
		{1FEB9DC5-EB89-9E3E-296F-2B699FF6978B}.Debug|x64.Build.0 = Debug|Any CPU
		{1FEB9DC5-EB89-9E3E-296F-2B699FF6978B}.Debug|x86.ActiveCfg = Debug|Any CPU
		{1FEB9DC5-EB89-9E3E-296F-2B699FF6978B}.Debug|x86.Build.0 = Debug|Any CPU
		{1FEB9DC5-EB89-9E3E-296F-2B699FF6978B}.Release|Any CPU.ActiveCfg = Release|Any CPU
		{1FEB9DC5-EB89-9E3E-296F-2B699FF6978B}.Release|Any CPU.Build.0 = Release|Any CPU
		{1FEB9DC5-EB89-9E3E-296F-2B699FF6978B}.Release|x64.ActiveCfg = Release|Any CPU
		{1FEB9DC5-EB89-9E3E-296F-2B699FF6978B}.Release|x64.Build.0 = Release|Any CPU
		{1FEB9DC5-EB89-9E3E-296F-2B699FF6978B}.Release|x86.ActiveCfg = Release|Any CPU
		{1FEB9DC5-EB89-9E3E-296F-2B699FF6978B}.Release|x86.Build.0 = Release|Any CPU
		{BE61B45A-FB64-14F4-0693-B1CC7B69BB08}.Debug|Any CPU.ActiveCfg = Debug|Any CPU
		{BE61B45A-FB64-14F4-0693-B1CC7B69BB08}.Debug|Any CPU.Build.0 = Debug|Any CPU
		{BE61B45A-FB64-14F4-0693-B1CC7B69BB08}.Debug|x64.ActiveCfg = Debug|Any CPU
		{BE61B45A-FB64-14F4-0693-B1CC7B69BB08}.Debug|x64.Build.0 = Debug|Any CPU
		{BE61B45A-FB64-14F4-0693-B1CC7B69BB08}.Debug|x86.ActiveCfg = Debug|Any CPU
		{BE61B45A-FB64-14F4-0693-B1CC7B69BB08}.Debug|x86.Build.0 = Debug|Any CPU
		{BE61B45A-FB64-14F4-0693-B1CC7B69BB08}.Release|Any CPU.ActiveCfg = Release|Any CPU
		{BE61B45A-FB64-14F4-0693-B1CC7B69BB08}.Release|Any CPU.Build.0 = Release|Any CPU
		{BE61B45A-FB64-14F4-0693-B1CC7B69BB08}.Release|x64.ActiveCfg = Release|Any CPU
		{BE61B45A-FB64-14F4-0693-B1CC7B69BB08}.Release|x64.Build.0 = Release|Any CPU
		{BE61B45A-FB64-14F4-0693-B1CC7B69BB08}.Release|x86.ActiveCfg = Release|Any CPU
		{BE61B45A-FB64-14F4-0693-B1CC7B69BB08}.Release|x86.Build.0 = Release|Any CPU
		{0B903129-99CA-BA6B-C53A-D70938315220}.Debug|Any CPU.ActiveCfg = Debug|Any CPU
		{0B903129-99CA-BA6B-C53A-D70938315220}.Debug|Any CPU.Build.0 = Debug|Any CPU
		{0B903129-99CA-BA6B-C53A-D70938315220}.Debug|x64.ActiveCfg = Debug|Any CPU
		{0B903129-99CA-BA6B-C53A-D70938315220}.Debug|x64.Build.0 = Debug|Any CPU
		{0B903129-99CA-BA6B-C53A-D70938315220}.Debug|x86.ActiveCfg = Debug|Any CPU
		{0B903129-99CA-BA6B-C53A-D70938315220}.Debug|x86.Build.0 = Debug|Any CPU
		{0B903129-99CA-BA6B-C53A-D70938315220}.Release|Any CPU.ActiveCfg = Release|Any CPU
		{0B903129-99CA-BA6B-C53A-D70938315220}.Release|Any CPU.Build.0 = Release|Any CPU
		{0B903129-99CA-BA6B-C53A-D70938315220}.Release|x64.ActiveCfg = Release|Any CPU
		{0B903129-99CA-BA6B-C53A-D70938315220}.Release|x64.Build.0 = Release|Any CPU
		{0B903129-99CA-BA6B-C53A-D70938315220}.Release|x86.ActiveCfg = Release|Any CPU
		{0B903129-99CA-BA6B-C53A-D70938315220}.Release|x86.Build.0 = Release|Any CPU
		{601897B5-A928-B0BD-1BD2-CD46457CA736}.Debug|Any CPU.ActiveCfg = Debug|Any CPU
		{601897B5-A928-B0BD-1BD2-CD46457CA736}.Debug|Any CPU.Build.0 = Debug|Any CPU
		{601897B5-A928-B0BD-1BD2-CD46457CA736}.Debug|x64.ActiveCfg = Debug|Any CPU
		{601897B5-A928-B0BD-1BD2-CD46457CA736}.Debug|x64.Build.0 = Debug|Any CPU
		{601897B5-A928-B0BD-1BD2-CD46457CA736}.Debug|x86.ActiveCfg = Debug|Any CPU
		{601897B5-A928-B0BD-1BD2-CD46457CA736}.Debug|x86.Build.0 = Debug|Any CPU
		{601897B5-A928-B0BD-1BD2-CD46457CA736}.Release|Any CPU.ActiveCfg = Release|Any CPU
		{601897B5-A928-B0BD-1BD2-CD46457CA736}.Release|Any CPU.Build.0 = Release|Any CPU
		{601897B5-A928-B0BD-1BD2-CD46457CA736}.Release|x64.ActiveCfg = Release|Any CPU
		{601897B5-A928-B0BD-1BD2-CD46457CA736}.Release|x64.Build.0 = Release|Any CPU
		{601897B5-A928-B0BD-1BD2-CD46457CA736}.Release|x86.ActiveCfg = Release|Any CPU
		{601897B5-A928-B0BD-1BD2-CD46457CA736}.Release|x86.Build.0 = Release|Any CPU
		{33A5A7E9-6F29-A52F-01E6-2FE514DF8818}.Debug|Any CPU.ActiveCfg = Debug|Any CPU
		{33A5A7E9-6F29-A52F-01E6-2FE514DF8818}.Debug|Any CPU.Build.0 = Debug|Any CPU
		{33A5A7E9-6F29-A52F-01E6-2FE514DF8818}.Debug|x64.ActiveCfg = Debug|Any CPU
		{33A5A7E9-6F29-A52F-01E6-2FE514DF8818}.Debug|x64.Build.0 = Debug|Any CPU
		{33A5A7E9-6F29-A52F-01E6-2FE514DF8818}.Debug|x86.ActiveCfg = Debug|Any CPU
		{33A5A7E9-6F29-A52F-01E6-2FE514DF8818}.Debug|x86.Build.0 = Debug|Any CPU
		{33A5A7E9-6F29-A52F-01E6-2FE514DF8818}.Release|Any CPU.ActiveCfg = Release|Any CPU
		{33A5A7E9-6F29-A52F-01E6-2FE514DF8818}.Release|Any CPU.Build.0 = Release|Any CPU
		{33A5A7E9-6F29-A52F-01E6-2FE514DF8818}.Release|x64.ActiveCfg = Release|Any CPU
		{33A5A7E9-6F29-A52F-01E6-2FE514DF8818}.Release|x64.Build.0 = Release|Any CPU
		{33A5A7E9-6F29-A52F-01E6-2FE514DF8818}.Release|x86.ActiveCfg = Release|Any CPU
		{33A5A7E9-6F29-A52F-01E6-2FE514DF8818}.Release|x86.Build.0 = Release|Any CPU
		{97289FCF-740F-4A53-ACA8-C8D376A48F67}.Debug|Any CPU.ActiveCfg = Debug|Any CPU
		{97289FCF-740F-4A53-ACA8-C8D376A48F67}.Debug|Any CPU.Build.0 = Debug|Any CPU
		{97289FCF-740F-4A53-ACA8-C8D376A48F67}.Debug|x64.ActiveCfg = Debug|Any CPU
		{97289FCF-740F-4A53-ACA8-C8D376A48F67}.Debug|x64.Build.0 = Debug|Any CPU
		{97289FCF-740F-4A53-ACA8-C8D376A48F67}.Debug|x86.ActiveCfg = Debug|Any CPU
		{97289FCF-740F-4A53-ACA8-C8D376A48F67}.Debug|x86.Build.0 = Debug|Any CPU
		{97289FCF-740F-4A53-ACA8-C8D376A48F67}.Release|Any CPU.ActiveCfg = Release|Any CPU
		{97289FCF-740F-4A53-ACA8-C8D376A48F67}.Release|Any CPU.Build.0 = Release|Any CPU
		{97289FCF-740F-4A53-ACA8-C8D376A48F67}.Release|x64.ActiveCfg = Release|Any CPU
		{97289FCF-740F-4A53-ACA8-C8D376A48F67}.Release|x64.Build.0 = Release|Any CPU
		{97289FCF-740F-4A53-ACA8-C8D376A48F67}.Release|x86.ActiveCfg = Release|Any CPU
		{97289FCF-740F-4A53-ACA8-C8D376A48F67}.Release|x86.Build.0 = Release|Any CPU
		{D4A11233-5542-9E26-927D-283FE2A79DB5}.Debug|Any CPU.ActiveCfg = Debug|Any CPU
		{D4A11233-5542-9E26-927D-283FE2A79DB5}.Debug|Any CPU.Build.0 = Debug|Any CPU
		{D4A11233-5542-9E26-927D-283FE2A79DB5}.Debug|x64.ActiveCfg = Debug|Any CPU
		{D4A11233-5542-9E26-927D-283FE2A79DB5}.Debug|x64.Build.0 = Debug|Any CPU
		{D4A11233-5542-9E26-927D-283FE2A79DB5}.Debug|x86.ActiveCfg = Debug|Any CPU
		{D4A11233-5542-9E26-927D-283FE2A79DB5}.Debug|x86.Build.0 = Debug|Any CPU
		{D4A11233-5542-9E26-927D-283FE2A79DB5}.Release|Any CPU.ActiveCfg = Release|Any CPU
		{D4A11233-5542-9E26-927D-283FE2A79DB5}.Release|Any CPU.Build.0 = Release|Any CPU
		{D4A11233-5542-9E26-927D-283FE2A79DB5}.Release|x64.ActiveCfg = Release|Any CPU
		{D4A11233-5542-9E26-927D-283FE2A79DB5}.Release|x64.Build.0 = Release|Any CPU
		{D4A11233-5542-9E26-927D-283FE2A79DB5}.Release|x86.ActiveCfg = Release|Any CPU
		{D4A11233-5542-9E26-927D-283FE2A79DB5}.Release|x86.Build.0 = Release|Any CPU
	EndGlobalSection
	GlobalSection(SolutionProperties) = preSolution
		HideSolutionNode = FALSE
	EndGlobalSection
	GlobalSection(NestedProjects) = preSolution
		{1FEB9DC5-EB89-9E3E-296F-2B699FF6978B} = {3CC0C099-5116-4299-A0F5-A5ACC469A06C}
		{BE61B45A-FB64-14F4-0693-B1CC7B69BB08} = {3CC0C099-5116-4299-A0F5-A5ACC469A06C}
		{0B903129-99CA-BA6B-C53A-D70938315220} = {A86BD8D1-5BC0-4E98-BC5B-2FCE551CEE8F}
		{601897B5-A928-B0BD-1BD2-CD46457CA736} = {A86BD8D1-5BC0-4E98-BC5B-2FCE551CEE8F}
		{33A5A7E9-6F29-A52F-01E6-2FE514DF8818} = {A86BD8D1-5BC0-4E98-BC5B-2FCE551CEE8F}
		{97289FCF-740F-4A53-ACA8-C8D376A48F67} = {A86BD8D1-5BC0-4E98-BC5B-2FCE551CEE8F}
		{D4A11233-5542-9E26-927D-283FE2A79DB5} = {A86BD8D1-5BC0-4E98-BC5B-2FCE551CEE8F}
	EndGlobalSection
	GlobalSection(ExtensibilityGlobals) = postSolution
		SolutionGuid = {6FC8154B-B3AB-4044-A301-8587814DF78A}
	EndGlobalSection
EndGlobal
